// !$*UTF8*$!
{
	archiveVersion = 1;
	classes = {
	};
	objectVersion = 50;
	objects = {

/* Begin PBXBuildFile section */
		6A6923CA26A767D000F48D97 /* AppDelegate.swift in Sources */ = {isa = PBXBuildFile; fileRef = 6A6923C926A767D000F48D97 /* AppDelegate.swift */; };
		6A6923CC26A767D000F48D97 /* SceneDelegate.swift in Sources */ = {isa = PBXBuildFile; fileRef = 6A6923CB26A767D000F48D97 /* SceneDelegate.swift */; };
		6A6923CE26A767D000F48D97 /* ViewController.swift in Sources */ = {isa = PBXBuildFile; fileRef = 6A6923CD26A767D000F48D97 /* ViewController.swift */; };
		6A6923D126A767D000F48D97 /* Main.storyboard in Resources */ = {isa = PBXBuildFile; fileRef = 6A6923CF26A767D000F48D97 /* Main.storyboard */; };
		6A6923D426A767D000F48D97 /* D2AppProject.xcdatamodeld in Sources */ = {isa = PBXBuildFile; fileRef = 6A6923D226A767D000F48D97 /* D2AppProject.xcdatamodeld */; };
		6A6923D626A767D300F48D97 /* Assets.xcassets in Resources */ = {isa = PBXBuildFile; fileRef = 6A6923D526A767D300F48D97 /* Assets.xcassets */; };
		6A6923D926A767D300F48D97 /* LaunchScreen.storyboard in Resources */ = {isa = PBXBuildFile; fileRef = 6A6923D726A767D300F48D97 /* LaunchScreen.storyboard */; };
		6A6923E426A767D300F48D97 /* D2AppProjectTests.swift in Sources */ = {isa = PBXBuildFile; fileRef = 6A6923E326A767D300F48D97 /* D2AppProjectTests.swift */; };
		6A6923EF26A767D300F48D97 /* D2AppProjectUITests.swift in Sources */ = {isa = PBXBuildFile; fileRef = 6A6923EE26A767D300F48D97 /* D2AppProjectUITests.swift */; };
/* End PBXBuildFile section */

/* Begin PBXContainerItemProxy section */
		6A6923E026A767D300F48D97 /* PBXContainerItemProxy */ = {
			isa = PBXContainerItemProxy;
			containerPortal = 6A6923BE26A767D000F48D97 /* Project object */;
			proxyType = 1;
			remoteGlobalIDString = 6A6923C526A767D000F48D97;
			remoteInfo = D2AppProject;
		};
		6A6923EB26A767D300F48D97 /* PBXContainerItemProxy */ = {
			isa = PBXContainerItemProxy;
			containerPortal = 6A6923BE26A767D000F48D97 /* Project object */;
			proxyType = 1;
			remoteGlobalIDString = 6A6923C526A767D000F48D97;
			remoteInfo = D2AppProject;
		};
/* End PBXContainerItemProxy section */

/* Begin PBXFileReference section */
		6A6923C626A767D000F48D97 /* D2AppProject.app */ = {isa = PBXFileReference; explicitFileType = wrapper.application; includeInIndex = 0; path = D2AppProject.app; sourceTree = BUILT_PRODUCTS_DIR; };
		6A6923C926A767D000F48D97 /* AppDelegate.swift */ = {isa = PBXFileReference; lastKnownFileType = sourcecode.swift; path = AppDelegate.swift; sourceTree = "<group>"; };
		6A6923CB26A767D000F48D97 /* SceneDelegate.swift */ = {isa = PBXFileReference; lastKnownFileType = sourcecode.swift; path = SceneDelegate.swift; sourceTree = "<group>"; };
		6A6923CD26A767D000F48D97 /* ViewController.swift */ = {isa = PBXFileReference; lastKnownFileType = sourcecode.swift; path = ViewController.swift; sourceTree = "<group>"; };
		6A6923D026A767D000F48D97 /* Base */ = {isa = PBXFileReference; lastKnownFileType = file.storyboard; name = Base; path = Base.lproj/Main.storyboard; sourceTree = "<group>"; };
		6A6923D326A767D000F48D97 /* D2AppProject.xcdatamodel */ = {isa = PBXFileReference; lastKnownFileType = wrapper.xcdatamodel; path = D2AppProject.xcdatamodel; sourceTree = "<group>"; };
		6A6923D526A767D300F48D97 /* Assets.xcassets */ = {isa = PBXFileReference; lastKnownFileType = folder.assetcatalog; path = Assets.xcassets; sourceTree = "<group>"; };
		6A6923D826A767D300F48D97 /* Base */ = {isa = PBXFileReference; lastKnownFileType = file.storyboard; name = Base; path = Base.lproj/LaunchScreen.storyboard; sourceTree = "<group>"; };
		6A6923DA26A767D300F48D97 /* Info.plist */ = {isa = PBXFileReference; lastKnownFileType = text.plist.xml; path = Info.plist; sourceTree = "<group>"; };
		6A6923DF26A767D300F48D97 /* D2AppProjectTests.xctest */ = {isa = PBXFileReference; explicitFileType = wrapper.cfbundle; includeInIndex = 0; path = D2AppProjectTests.xctest; sourceTree = BUILT_PRODUCTS_DIR; };
		6A6923E326A767D300F48D97 /* D2AppProjectTests.swift */ = {isa = PBXFileReference; lastKnownFileType = sourcecode.swift; path = D2AppProjectTests.swift; sourceTree = "<group>"; };
		6A6923E526A767D300F48D97 /* Info.plist */ = {isa = PBXFileReference; lastKnownFileType = text.plist.xml; path = Info.plist; sourceTree = "<group>"; };
		6A6923EA26A767D300F48D97 /* D2AppProjectUITests.xctest */ = {isa = PBXFileReference; explicitFileType = wrapper.cfbundle; includeInIndex = 0; path = D2AppProjectUITests.xctest; sourceTree = BUILT_PRODUCTS_DIR; };
		6A6923EE26A767D300F48D97 /* D2AppProjectUITests.swift */ = {isa = PBXFileReference; lastKnownFileType = sourcecode.swift; path = D2AppProjectUITests.swift; sourceTree = "<group>"; };
		6A6923F026A767D300F48D97 /* Info.plist */ = {isa = PBXFileReference; lastKnownFileType = text.plist.xml; path = Info.plist; sourceTree = "<group>"; };
/* End PBXFileReference section */

/* Begin PBXFrameworksBuildPhase section */
		6A6923C326A767D000F48D97 /* Frameworks */ = {
			isa = PBXFrameworksBuildPhase;
			buildActionMask = 2147483647;
			files = (
			);
			runOnlyForDeploymentPostprocessing = 0;
		};
		6A6923DC26A767D300F48D97 /* Frameworks */ = {
			isa = PBXFrameworksBuildPhase;
			buildActionMask = 2147483647;
			files = (
			);
			runOnlyForDeploymentPostprocessing = 0;
		};
		6A6923E726A767D300F48D97 /* Frameworks */ = {
			isa = PBXFrameworksBuildPhase;
			buildActionMask = 2147483647;
			files = (
			);
			runOnlyForDeploymentPostprocessing = 0;
		};
/* End PBXFrameworksBuildPhase section */

/* Begin PBXGroup section */
		6A6923BD26A767D000F48D97 = {
			isa = PBXGroup;
			children = (
				6A6923C826A767D000F48D97 /* D2AppProject */,
				6A6923E226A767D300F48D97 /* D2AppProjectTests */,
				6A6923ED26A767D300F48D97 /* D2AppProjectUITests */,
				6A6923C726A767D000F48D97 /* Products */,
			);
			sourceTree = "<group>";
		};
		6A6923C726A767D000F48D97 /* Products */ = {
			isa = PBXGroup;
			children = (
				6A6923C626A767D000F48D97 /* D2AppProject.app */,
				6A6923DF26A767D300F48D97 /* D2AppProjectTests.xctest */,
				6A6923EA26A767D300F48D97 /* D2AppProjectUITests.xctest */,
			);
			name = Products;
			sourceTree = "<group>";
		};
		6A6923C826A767D000F48D97 /* D2AppProject */ = {
			isa = PBXGroup;
			children = (
				6A6923C926A767D000F48D97 /* AppDelegate.swift */,
				6A6923CB26A767D000F48D97 /* SceneDelegate.swift */,
				6A6923CD26A767D000F48D97 /* ViewController.swift */,
				6A6923CF26A767D000F48D97 /* Main.storyboard */,
				6A6923D526A767D300F48D97 /* Assets.xcassets */,
				6A6923D726A767D300F48D97 /* LaunchScreen.storyboard */,
				6A6923DA26A767D300F48D97 /* Info.plist */,
				6A6923D226A767D000F48D97 /* D2AppProject.xcdatamodeld */,
			);
			path = D2AppProject;
			sourceTree = "<group>";
		};
		6A6923E226A767D300F48D97 /* D2AppProjectTests */ = {
			isa = PBXGroup;
			children = (
				6A6923E326A767D300F48D97 /* D2AppProjectTests.swift */,
				6A6923E526A767D300F48D97 /* Info.plist */,
			);
			path = D2AppProjectTests;
			sourceTree = "<group>";
		};
		6A6923ED26A767D300F48D97 /* D2AppProjectUITests */ = {
			isa = PBXGroup;
			children = (
				6A6923EE26A767D300F48D97 /* D2AppProjectUITests.swift */,
				6A6923F026A767D300F48D97 /* Info.plist */,
			);
			path = D2AppProjectUITests;
			sourceTree = "<group>";
		};
/* End PBXGroup section */

/* Begin PBXNativeTarget section */
		6A6923C526A767D000F48D97 /* D2AppProject */ = {
			isa = PBXNativeTarget;
			buildConfigurationList = 6A6923F326A767D300F48D97 /* Build configuration list for PBXNativeTarget "D2AppProject" */;
			buildPhases = (
				6A6923C226A767D000F48D97 /* Sources */,
				6A6923C326A767D000F48D97 /* Frameworks */,
				6A6923C426A767D000F48D97 /* Resources */,
			);
			buildRules = (
			);
			dependencies = (
			);
			name = D2AppProject;
			productName = D2AppProject;
			productReference = 6A6923C626A767D000F48D97 /* D2AppProject.app */;
			productType = "com.apple.product-type.application";
		};
		6A6923DE26A767D300F48D97 /* D2AppProjectTests */ = {
			isa = PBXNativeTarget;
			buildConfigurationList = 6A6923F626A767D300F48D97 /* Build configuration list for PBXNativeTarget "D2AppProjectTests" */;
			buildPhases = (
				6A6923DB26A767D300F48D97 /* Sources */,
				6A6923DC26A767D300F48D97 /* Frameworks */,
				6A6923DD26A767D300F48D97 /* Resources */,
			);
			buildRules = (
			);
			dependencies = (
				6A6923E126A767D300F48D97 /* PBXTargetDependency */,
			);
			name = D2AppProjectTests;
			productName = D2AppProjectTests;
			productReference = 6A6923DF26A767D300F48D97 /* D2AppProjectTests.xctest */;
			productType = "com.apple.product-type.bundle.unit-test";
		};
		6A6923E926A767D300F48D97 /* D2AppProjectUITests */ = {
			isa = PBXNativeTarget;
			buildConfigurationList = 6A6923F926A767D300F48D97 /* Build configuration list for PBXNativeTarget "D2AppProjectUITests" */;
			buildPhases = (
				6A6923E626A767D300F48D97 /* Sources */,
				6A6923E726A767D300F48D97 /* Frameworks */,
				6A6923E826A767D300F48D97 /* Resources */,
			);
			buildRules = (
			);
			dependencies = (
				6A6923EC26A767D300F48D97 /* PBXTargetDependency */,
			);
			name = D2AppProjectUITests;
			productName = D2AppProjectUITests;
			productReference = 6A6923EA26A767D300F48D97 /* D2AppProjectUITests.xctest */;
			productType = "com.apple.product-type.bundle.ui-testing";
		};
/* End PBXNativeTarget section */

/* Begin PBXProject section */
		6A6923BE26A767D000F48D97 /* Project object */ = {
			isa = PBXProject;
			attributes = {
				LastSwiftUpdateCheck = 1250;
				LastUpgradeCheck = 1250;
				TargetAttributes = {
					6A6923C526A767D000F48D97 = {
						CreatedOnToolsVersion = 12.5.1;
					};
					6A6923DE26A767D300F48D97 = {
						CreatedOnToolsVersion = 12.5.1;
						TestTargetID = 6A6923C526A767D000F48D97;
					};
					6A6923E926A767D300F48D97 = {
						CreatedOnToolsVersion = 12.5.1;
						TestTargetID = 6A6923C526A767D000F48D97;
					};
				};
			};
			buildConfigurationList = 6A6923C126A767D000F48D97 /* Build configuration list for PBXProject "D2AppProject" */;
			compatibilityVersion = "Xcode 9.3";
			developmentRegion = en;
			hasScannedForEncodings = 0;
			knownRegions = (
				en,
				Base,
			);
			mainGroup = 6A6923BD26A767D000F48D97;
			productRefGroup = 6A6923C726A767D000F48D97 /* Products */;
			projectDirPath = "";
			projectRoot = "";
			targets = (
				6A6923C526A767D000F48D97 /* D2AppProject */,
				6A6923DE26A767D300F48D97 /* D2AppProjectTests */,
				6A6923E926A767D300F48D97 /* D2AppProjectUITests */,
			);
		};
/* End PBXProject section */

/* Begin PBXResourcesBuildPhase section */
		6A6923C426A767D000F48D97 /* Resources */ = {
			isa = PBXResourcesBuildPhase;
			buildActionMask = 2147483647;
			files = (
				6A6923D926A767D300F48D97 /* LaunchScreen.storyboard in Resources */,
				6A6923D626A767D300F48D97 /* Assets.xcassets in Resources */,
				6A6923D126A767D000F48D97 /* Main.storyboard in Resources */,
			);
			runOnlyForDeploymentPostprocessing = 0;
		};
		6A6923DD26A767D300F48D97 /* Resources */ = {
			isa = PBXResourcesBuildPhase;
			buildActionMask = 2147483647;
			files = (
			);
			runOnlyForDeploymentPostprocessing = 0;
		};
		6A6923E826A767D300F48D97 /* Resources */ = {
			isa = PBXResourcesBuildPhase;
			buildActionMask = 2147483647;
			files = (
			);
			runOnlyForDeploymentPostprocessing = 0;
		};
/* End PBXResourcesBuildPhase section */

/* Begin PBXSourcesBuildPhase section */
		6A6923C226A767D000F48D97 /* Sources */ = {
			isa = PBXSourcesBuildPhase;
			buildActionMask = 2147483647;
			files = (
				6A6923CE26A767D000F48D97 /* ViewController.swift in Sources */,
				6A6923CA26A767D000F48D97 /* AppDelegate.swift in Sources */,
				6A6923CC26A767D000F48D97 /* SceneDelegate.swift in Sources */,
				6A6923D426A767D000F48D97 /* D2AppProject.xcdatamodeld in Sources */,
			);
			runOnlyForDeploymentPostprocessing = 0;
		};
		6A6923DB26A767D300F48D97 /* Sources */ = {
			isa = PBXSourcesBuildPhase;
			buildActionMask = 2147483647;
			files = (
				6A6923E426A767D300F48D97 /* D2AppProjectTests.swift in Sources */,
			);
			runOnlyForDeploymentPostprocessing = 0;
		};
		6A6923E626A767D300F48D97 /* Sources */ = {
			isa = PBXSourcesBuildPhase;
			buildActionMask = 2147483647;
			files = (
				6A6923EF26A767D300F48D97 /* D2AppProjectUITests.swift in Sources */,
			);
			runOnlyForDeploymentPostprocessing = 0;
		};
/* End PBXSourcesBuildPhase section */

/* Begin PBXTargetDependency section */
		6A6923E126A767D300F48D97 /* PBXTargetDependency */ = {
			isa = PBXTargetDependency;
			target = 6A6923C526A767D000F48D97 /* D2AppProject */;
			targetProxy = 6A6923E026A767D300F48D97 /* PBXContainerItemProxy */;
		};
		6A6923EC26A767D300F48D97 /* PBXTargetDependency */ = {
			isa = PBXTargetDependency;
			target = 6A6923C526A767D000F48D97 /* D2AppProject */;
			targetProxy = 6A6923EB26A767D300F48D97 /* PBXContainerItemProxy */;
		};
/* End PBXTargetDependency section */

/* Begin PBXVariantGroup section */
		6A6923CF26A767D000F48D97 /* Main.storyboard */ = {
			isa = PBXVariantGroup;
			children = (
				6A6923D026A767D000F48D97 /* Base */,
			);
			name = Main.storyboard;
			sourceTree = "<group>";
		};
		6A6923D726A767D300F48D97 /* LaunchScreen.storyboard */ = {
			isa = PBXVariantGroup;
			children = (
				6A6923D826A767D300F48D97 /* Base */,
			);
			name = LaunchScreen.storyboard;
			sourceTree = "<group>";
		};
/* End PBXVariantGroup section */

/* Begin XCBuildConfiguration section */
		6A6923F126A767D300F48D97 /* Debug */ = {
			isa = XCBuildConfiguration;
			buildSettings = {
				ALWAYS_SEARCH_USER_PATHS = NO;
				CLANG_ANALYZER_NONNULL = YES;
				CLANG_ANALYZER_NUMBER_OBJECT_CONVERSION = YES_AGGRESSIVE;
				CLANG_CXX_LANGUAGE_STANDARD = "gnu++14";
				CLANG_CXX_LIBRARY = "libc++";
				CLANG_ENABLE_MODULES = YES;
				CLANG_ENABLE_OBJC_ARC = YES;
				CLANG_ENABLE_OBJC_WEAK = YES;
				CLANG_WARN_BLOCK_CAPTURE_AUTORELEASING = YES;
				CLANG_WARN_BOOL_CONVERSION = YES;
				CLANG_WARN_COMMA = YES;
				CLANG_WARN_CONSTANT_CONVERSION = YES;
				CLANG_WARN_DEPRECATED_OBJC_IMPLEMENTATIONS = YES;
				CLANG_WARN_DIRECT_OBJC_ISA_USAGE = YES_ERROR;
				CLANG_WARN_DOCUMENTATION_COMMENTS = YES;
				CLANG_WARN_EMPTY_BODY = YES;
				CLANG_WARN_ENUM_CONVERSION = YES;
				CLANG_WARN_INFINITE_RECURSION = YES;
				CLANG_WARN_INT_CONVERSION = YES;
				CLANG_WARN_NON_LITERAL_NULL_CONVERSION = YES;
				CLANG_WARN_OBJC_IMPLICIT_RETAIN_SELF = YES;
				CLANG_WARN_OBJC_LITERAL_CONVERSION = YES;
				CLANG_WARN_OBJC_ROOT_CLASS = YES_ERROR;
				CLANG_WARN_QUOTED_INCLUDE_IN_FRAMEWORK_HEADER = YES;
				CLANG_WARN_RANGE_LOOP_ANALYSIS = YES;
				CLANG_WARN_STRICT_PROTOTYPES = YES;
				CLANG_WARN_SUSPICIOUS_MOVE = YES;
				CLANG_WARN_UNGUARDED_AVAILABILITY = YES_AGGRESSIVE;
				CLANG_WARN_UNREACHABLE_CODE = YES;
				CLANG_WARN__DUPLICATE_METHOD_MATCH = YES;
				COPY_PHASE_STRIP = NO;
				DEBUG_INFORMATION_FORMAT = dwarf;
				ENABLE_STRICT_OBJC_MSGSEND = YES;
				ENABLE_TESTABILITY = YES;
				GCC_C_LANGUAGE_STANDARD = gnu11;
				GCC_DYNAMIC_NO_PIC = NO;
				GCC_NO_COMMON_BLOCKS = YES;
				GCC_OPTIMIZATION_LEVEL = 0;
				GCC_PREPROCESSOR_DEFINITIONS = (
					"DEBUG=1",
					"$(inherited)",
				);
				GCC_WARN_64_TO_32_BIT_CONVERSION = YES;
				GCC_WARN_ABOUT_RETURN_TYPE = YES_ERROR;
				GCC_WARN_UNDECLARED_SELECTOR = YES;
				GCC_WARN_UNINITIALIZED_AUTOS = YES_AGGRESSIVE;
				GCC_WARN_UNUSED_FUNCTION = YES;
				GCC_WARN_UNUSED_VARIABLE = YES;
				IPHONEOS_DEPLOYMENT_TARGET = 14.5;
				MTL_ENABLE_DEBUG_INFO = INCLUDE_SOURCE;
				MTL_FAST_MATH = YES;
				ONLY_ACTIVE_ARCH = YES;
				SDKROOT = iphoneos;
				SWIFT_ACTIVE_COMPILATION_CONDITIONS = DEBUG;
				SWIFT_OPTIMIZATION_LEVEL = "-Onone";
			};
			name = Debug;
		};
		6A6923F226A767D300F48D97 /* Release */ = {
			isa = XCBuildConfiguration;
			buildSettings = {
				ALWAYS_SEARCH_USER_PATHS = NO;
				CLANG_ANALYZER_NONNULL = YES;
				CLANG_ANALYZER_NUMBER_OBJECT_CONVERSION = YES_AGGRESSIVE;
				CLANG_CXX_LANGUAGE_STANDARD = "gnu++14";
				CLANG_CXX_LIBRARY = "libc++";
				CLANG_ENABLE_MODULES = YES;
				CLANG_ENABLE_OBJC_ARC = YES;
				CLANG_ENABLE_OBJC_WEAK = YES;
				CLANG_WARN_BLOCK_CAPTURE_AUTORELEASING = YES;
				CLANG_WARN_BOOL_CONVERSION = YES;
				CLANG_WARN_COMMA = YES;
				CLANG_WARN_CONSTANT_CONVERSION = YES;
				CLANG_WARN_DEPRECATED_OBJC_IMPLEMENTATIONS = YES;
				CLANG_WARN_DIRECT_OBJC_ISA_USAGE = YES_ERROR;
				CLANG_WARN_DOCUMENTATION_COMMENTS = YES;
				CLANG_WARN_EMPTY_BODY = YES;
				CLANG_WARN_ENUM_CONVERSION = YES;
				CLANG_WARN_INFINITE_RECURSION = YES;
				CLANG_WARN_INT_CONVERSION = YES;
				CLANG_WARN_NON_LITERAL_NULL_CONVERSION = YES;
				CLANG_WARN_OBJC_IMPLICIT_RETAIN_SELF = YES;
				CLANG_WARN_OBJC_LITERAL_CONVERSION = YES;
				CLANG_WARN_OBJC_ROOT_CLASS = YES_ERROR;
				CLANG_WARN_QUOTED_INCLUDE_IN_FRAMEWORK_HEADER = YES;
				CLANG_WARN_RANGE_LOOP_ANALYSIS = YES;
				CLANG_WARN_STRICT_PROTOTYPES = YES;
				CLANG_WARN_SUSPICIOUS_MOVE = YES;
				CLANG_WARN_UNGUARDED_AVAILABILITY = YES_AGGRESSIVE;
				CLANG_WARN_UNREACHABLE_CODE = YES;
				CLANG_WARN__DUPLICATE_METHOD_MATCH = YES;
				COPY_PHASE_STRIP = NO;
				DEBUG_INFORMATION_FORMAT = "dwarf-with-dsym";
				ENABLE_NS_ASSERTIONS = NO;
				ENABLE_STRICT_OBJC_MSGSEND = YES;
				GCC_C_LANGUAGE_STANDARD = gnu11;
				GCC_NO_COMMON_BLOCKS = YES;
				GCC_WARN_64_TO_32_BIT_CONVERSION = YES;
				GCC_WARN_ABOUT_RETURN_TYPE = YES_ERROR;
				GCC_WARN_UNDECLARED_SELECTOR = YES;
				GCC_WARN_UNINITIALIZED_AUTOS = YES_AGGRESSIVE;
				GCC_WARN_UNUSED_FUNCTION = YES;
				GCC_WARN_UNUSED_VARIABLE = YES;
				IPHONEOS_DEPLOYMENT_TARGET = 14.5;
				MTL_ENABLE_DEBUG_INFO = NO;
				MTL_FAST_MATH = YES;
				SDKROOT = iphoneos;
				SWIFT_COMPILATION_MODE = wholemodule;
				SWIFT_OPTIMIZATION_LEVEL = "-O";
				VALIDATE_PRODUCT = YES;
			};
			name = Release;
		};
		6A6923F426A767D300F48D97 /* Debug */ = {
			isa = XCBuildConfiguration;
			buildSettings = {
				ASSETCATALOG_COMPILER_APPICON_NAME = AppIcon;
				ASSETCATALOG_COMPILER_GLOBAL_ACCENT_COLOR_NAME = AccentColor;
				CODE_SIGN_STYLE = Automatic;
				INFOPLIST_FILE = D2AppProject/Info.plist;
				LD_RUNPATH_SEARCH_PATHS = (
					"$(inherited)",
					"@executable_path/Frameworks",
				);
				PRODUCT_BUNDLE_IDENTIFIER = "kwk-2021.D2AppProject";
				PRODUCT_NAME = "$(TARGET_NAME)";
				SWIFT_VERSION = 5.0;
				TARGETED_DEVICE_FAMILY = "1,2";
			};
			name = Debug;
		};
		6A6923F526A767D300F48D97 /* Release */ = {
			isa = XCBuildConfiguration;
			buildSettings = {
				ASSETCATALOG_COMPILER_APPICON_NAME = AppIcon;
				ASSETCATALOG_COMPILER_GLOBAL_ACCENT_COLOR_NAME = AccentColor;
				CODE_SIGN_STYLE = Automatic;
				INFOPLIST_FILE = D2AppProject/Info.plist;
				LD_RUNPATH_SEARCH_PATHS = (
					"$(inherited)",
					"@executable_path/Frameworks",
				);
				PRODUCT_BUNDLE_IDENTIFIER = "kwk-2021.D2AppProject";
				PRODUCT_NAME = "$(TARGET_NAME)";
				SWIFT_VERSION = 5.0;
				TARGETED_DEVICE_FAMILY = "1,2";
			};
			name = Release;
		};
		6A6923F726A767D300F48D97 /* Debug */ = {
			isa = XCBuildConfiguration;
			buildSettings = {
				ALWAYS_EMBED_SWIFT_STANDARD_LIBRARIES = YES;
				BUNDLE_LOADER = "$(TEST_HOST)";
				CODE_SIGN_STYLE = Automatic;
				INFOPLIST_FILE = D2AppProjectTests/Info.plist;
				IPHONEOS_DEPLOYMENT_TARGET = 14.5;
				LD_RUNPATH_SEARCH_PATHS = (
					"$(inherited)",
					"@executable_path/Frameworks",
					"@loader_path/Frameworks",
				);
				PRODUCT_BUNDLE_IDENTIFIER = "kwk-2021.D2AppProjectTests";
				PRODUCT_NAME = "$(TARGET_NAME)";
				SWIFT_VERSION = 5.0;
				TARGETED_DEVICE_FAMILY = "1,2";
				TEST_HOST = "$(BUILT_PRODUCTS_DIR)/D2AppProject.app/D2AppProject";
			};
			name = Debug;
		};
		6A6923F826A767D300F48D97 /* Release */ = {
			isa = XCBuildConfiguration;
			buildSettings = {
				ALWAYS_EMBED_SWIFT_STANDARD_LIBRARIES = YES;
				BUNDLE_LOADER = "$(TEST_HOST)";
				CODE_SIGN_STYLE = Automatic;
				INFOPLIST_FILE = D2AppProjectTests/Info.plist;
				IPHONEOS_DEPLOYMENT_TARGET = 14.5;
				LD_RUNPATH_SEARCH_PATHS = (
					"$(inherited)",
					"@executable_path/Frameworks",
					"@loader_path/Frameworks",
				);
				PRODUCT_BUNDLE_IDENTIFIER = "kwk-2021.D2AppProjectTests";
				PRODUCT_NAME = "$(TARGET_NAME)";
				SWIFT_VERSION = 5.0;
				TARGETED_DEVICE_FAMILY = "1,2";
				TEST_HOST = "$(BUILT_PRODUCTS_DIR)/D2AppProject.app/D2AppProject";
			};
			name = Release;
		};
		6A6923FA26A767D300F48D97 /* Debug */ = {
			isa = XCBuildConfiguration;
			buildSettings = {
				ALWAYS_EMBED_SWIFT_STANDARD_LIBRARIES = YES;
				CODE_SIGN_STYLE = Automatic;
				INFOPLIST_FILE = D2AppProjectUITests/Info.plist;
				LD_RUNPATH_SEARCH_PATHS = (
					"$(inherited)",
					"@executable_path/Frameworks",
					"@loader_path/Frameworks",
				);
				PRODUCT_BUNDLE_IDENTIFIER = "kwk-2021.D2AppProjectUITests";
				PRODUCT_NAME = "$(TARGET_NAME)";
				SWIFT_VERSION = 5.0;
				TARGETED_DEVICE_FAMILY = "1,2";
				TEST_TARGET_NAME = D2AppProject;
			};
			name = Debug;
		};
		6A6923FB26A767D300F48D97 /* Release */ = {
			isa = XCBuildConfiguration;
			buildSettings = {
				ALWAYS_EMBED_SWIFT_STANDARD_LIBRARIES = YES;
				CODE_SIGN_STYLE = Automatic;
				INFOPLIST_FILE = D2AppProjectUITests/Info.plist;
				LD_RUNPATH_SEARCH_PATHS = (
					"$(inherited)",
					"@executable_path/Frameworks",
					"@loader_path/Frameworks",
				);
				PRODUCT_BUNDLE_IDENTIFIER = "kwk-2021.D2AppProjectUITests";
				PRODUCT_NAME = "$(TARGET_NAME)";
				SWIFT_VERSION = 5.0;
				TARGETED_DEVICE_FAMILY = "1,2";
				TEST_TARGET_NAME = D2AppProject;
			};
			name = Release;
		};
/* End XCBuildConfiguration section */

/* Begin XCConfigurationList section */
		6A6923C126A767D000F48D97 /* Build configuration list for PBXProject "D2AppProject" */ = {
			isa = XCConfigurationList;
			buildConfigurations = (
				6A6923F126A767D300F48D97 /* Debug */,
				6A6923F226A767D300F48D97 /* Release */,
			);
			defaultConfigurationIsVisible = 0;
			defaultConfigurationName = Release;
		};
		6A6923F326A767D300F48D97 /* Build configuration list for PBXNativeTarget "D2AppProject" */ = {
			isa = XCConfigurationList;
			buildConfigurations = (
				6A6923F426A767D300F48D97 /* Debug */,
				6A6923F526A767D300F48D97 /* Release */,
			);
			defaultConfigurationIsVisible = 0;
			defaultConfigurationName = Release;
		};
		6A6923F626A767D300F48D97 /* Build configuration list for PBXNativeTarget "D2AppProjectTests" */ = {
			isa = XCConfigurationList;
			buildConfigurations = (
				6A6923F726A767D300F48D97 /* Debug */,
				6A6923F826A767D300F48D97 /* Release */,
			);
			defaultConfigurationIsVisible = 0;
			defaultConfigurationName = Release;
		};
		6A6923F926A767D300F48D97 /* Build configuration list for PBXNativeTarget "D2AppProjectUITests" */ = {
			isa = XCConfigurationList;
			buildConfigurations = (
				6A6923FA26A767D300F48D97 /* Debug */,
				6A6923FB26A767D300F48D97 /* Release */,
			);
			defaultConfigurationIsVisible = 0;
			defaultConfigurationName = Release;
		};
/* End XCConfigurationList section */

/* Begin XCVersionGroup section */
		6A6923D226A767D000F48D97 /* D2AppProject.xcdatamodeld */ = {
			isa = XCVersionGroup;
			children = (
				6A6923D326A767D000F48D97 /* D2AppProject.xcdatamodel */,
			);
			currentVersion = 6A6923D326A767D000F48D97 /* D2AppProject.xcdatamodel */;
			path = D2AppProject.xcdatamodeld;
			sourceTree = "<group>";
			versionGroupType = wrapper.xcdatamodel;
		};
/* End XCVersionGroup section */
	};
	rootObject = 6A6923BE26A767D000F48D97 /* Project object */;
}
